
Microsoft Visual Studio Solution File, Format Version 12.00
# Visual Studio Version 17
VisualStudioVersion = 17.0.31903.59
MinimumVisualStudioVersion = 10.0.40219.1
Project("{FAE04EC0-301F-11D3-BF4B-00C04F79EFBC}") = "led.net.app", "led.net.lib\led.net.app.csproj", "{0BCA3865-BF20-4834-BE8E-25FFCF2D8888}"
EndProject
Project("{FAE04EC0-301F-11D3-BF4B-00C04F79EFBC}") = "led.net.console", "led.net.console\led.net.console.csproj", "{8A5532A8-D942-4466-8BB4-BC360A8F73DD}"
EndProject
Global
	GlobalSection(SolutionConfigurationPlatforms) = preSolution
		Debug|Any CPU = Debug|Any CPU
		Release|Any CPU = Release|Any CPU
	EndGlobalSection
	GlobalSection(SolutionProperties) = preSolution
		HideSolutionNode = FALSE
	EndGlobalSection
	GlobalSection(ProjectConfigurationPlatforms) = postSolution
		{0BCA3865-BF20-4834-BE8E-25FFCF2D8888}.Debug|Any CPU.ActiveCfg = Debug|Any CPU
		{0BCA3865-BF20-4834-BE8E-25FFCF2D8888}.Debug|Any CPU.Build.0 = Debug|Any CPU
		{0BCA3865-BF20-4834-BE8E-25FFCF2D8888}.Release|Any CPU.ActiveCfg = Release|Any CPU
		{0BCA3865-BF20-4834-BE8E-25FFCF2D8888}.Release|Any CPU.Build.0 = Release|Any CPU
		{8A5532A8-D942-4466-8BB4-BC360A8F73DD}.Debug|Any CPU.ActiveCfg = Debug|Any CPU
		{8A5532A8-D942-4466-8BB4-BC360A8F73DD}.Debug|Any CPU.Build.0 = Debug|Any CPU
		{8A5532A8-D942-4466-8BB4-BC360A8F73DD}.Release|Any CPU.ActiveCfg = Release|Any CPU
		{8A5532A8-D942-4466-8BB4-BC360A8F73DD}.Release|Any CPU.Build.0 = Release|Any CPU
	EndGlobalSection
EndGlobal
